{
    "_readme": [
        "This file locks the dependencies of your project to a known state",
        "Read more about it at https://getcomposer.org/doc/01-basic-usage.md#installing-dependencies",
        "This file is @generated automatically"
    ],
    "content-hash": "cd3085b81468e479a29723fff4244d85",
    "packages": [
        {
            "name": "telepaycash/sdk-telepay-php",
            "version": "v1.1.0",
            "source": {
                "type": "git",
                "url": "https://github.com/TelePay-cash/telepay-php.git",
                "reference": "cc4925b372346d03c5f7bab90d576cc2b7b17ca0"
            },
            "dist": {
                "type": "zip",
                "url": "https://api.github.com/repos/TelePay-cash/telepay-php/zipball/cc4925b372346d03c5f7bab90d576cc2b7b17ca0",
                "reference": "cc4925b372346d03c5f7bab90d576cc2b7b17ca0",
                "shasum": ""
            },
            "require": {
                "php": ">=7.0"
            },
            "require-dev": {
                "phpunit/phpunit": "^9"
            },
            "type": "library",
            "autoload": {
                "psr-4": {
                    "TelePay\\": "src/",
                    "Examples\\": "examples/"
                }
            },
            "notification-url": "https://packagist.org/downloads/",
            "license": [
                "MIT"
            ],
            "authors": [
                {
                    "name": "Raubel",
                    "email": "raubel1993@gmail.com"
                }
            ],
            "description": "Library to receive payments with TelePay",
            "keywords": [
                "payments",
                "rest",
                "sdk",
                "telepay",
                "toncoin"
            ],
            "support": {
                "issues": "https://github.com/TelePay-cash/telepay-php/issues",
                "source": "https://github.com/TelePay-cash/telepay-php/tree/v1.1.0"
            },
            "time": "2022-06-27T14:54:46+00:00"
        }
    ],
    "packages-dev": [],
    "aliases": [],
    "minimum-stability": "stable",
    "stability-flags": [],
    "prefer-stable": false,
    "prefer-lowest": false,
    "platform": [],
    "platform-dev": [],
    "plugin-api-version": "2.3.0"
}
